# This file is automatically @generated by Cargo.
# It is not intended for manual editing.
[[package]]
name = "bin-serialization-rs"
version = "0.1.6"
source = "git+https://github.com/madwareru/bin-serialization-rs#8e402f2467bb40fb3e9573617bd02fdd045970f7"
dependencies = [
 "cp866-rs",
]

[[package]]
name = "cp866-rs"
version = "0.1.2"
source = "git+https://github.com/madwareru/cp866-rs#7a3aeb3116640807bca56c3619c026144450066d"

[[package]]
name = "rom-res-rs"
version = "0.1.8"
dependencies = [
 "bin-serialization-rs",
 "cp866-rs",
]
